
Microsoft Visual Studio Solution File, Format Version 12.00
# Visual Studio Version 17
VisualStudioVersion = 17.14.36310.24
MinimumVisualStudioVersion = 10.0.40219.1
Project("{FAE04EC0-301F-11D3-BF4B-00C04F79EFBC}") = "DSD605SecAndAuthStudentVersion2025", "DSD605SecAndAuthStudentVersion2025.csproj", "{265E9BB8-C43D-4147-9115-A158FEB536CF}"
EndProject
Project("{FAE04EC0-301F-11D3-BF4B-00C04F79EFBC}") = "XUnitTests2", "..\XUnitTests2\XUnitTests2.csproj", "{9E2B16A9-D599-4965-3102-36A041A047B4}"
EndProject
Project("{FAE04EC0-301F-11D3-BF4B-00C04F79EFBC}") = "XUnitTest3", "..\XUnitTest3\XUnitTest3.csproj", "{25B30689-5574-408A-A92A-47958E28E9A9}"
EndProject
Project("{FAE04EC0-301F-11D3-BF4B-00C04F79EFBC}") = "XUnitTest4", "XUnitText4\XUnitTest4.csproj", "{D286D68F-81E0-5546-6507-BBDA93818AE1}"
EndProject
Global
	GlobalSection(SolutionConfigurationPlatforms) = preSolution
		Debug|Any CPU = Debug|Any CPU
		Release|Any CPU = Release|Any CPU
	EndGlobalSection
	GlobalSection(ProjectConfigurationPlatforms) = postSolution
		{265E9BB8-C43D-4147-9115-A158FEB536CF}.Debug|Any CPU.ActiveCfg = Debug|Any CPU
		{265E9BB8-C43D-4147-9115-A158FEB536CF}.Debug|Any CPU.Build.0 = Debug|Any CPU
		{265E9BB8-C43D-4147-9115-A158FEB536CF}.Release|Any CPU.ActiveCfg = Release|Any CPU
		{265E9BB8-C43D-4147-9115-A158FEB536CF}.Release|Any CPU.Build.0 = Release|Any CPU
		{9E2B16A9-D599-4965-3102-36A041A047B4}.Debug|Any CPU.ActiveCfg = Debug|Any CPU
		{9E2B16A9-D599-4965-3102-36A041A047B4}.Debug|Any CPU.Build.0 = Debug|Any CPU
		{9E2B16A9-D599-4965-3102-36A041A047B4}.Release|Any CPU.ActiveCfg = Release|Any CPU
		{9E2B16A9-D599-4965-3102-36A041A047B4}.Release|Any CPU.Build.0 = Release|Any CPU
		{25B30689-5574-408A-A92A-47958E28E9A9}.Debug|Any CPU.ActiveCfg = Debug|Any CPU
		{25B30689-5574-408A-A92A-47958E28E9A9}.Debug|Any CPU.Build.0 = Debug|Any CPU
		{25B30689-5574-408A-A92A-47958E28E9A9}.Release|Any CPU.ActiveCfg = Release|Any CPU
		{25B30689-5574-408A-A92A-47958E28E9A9}.Release|Any CPU.Build.0 = Release|Any CPU
		{D286D68F-81E0-5546-6507-BBDA93818AE1}.Debug|Any CPU.ActiveCfg = Debug|Any CPU
		{D286D68F-81E0-5546-6507-BBDA93818AE1}.Debug|Any CPU.Build.0 = Debug|Any CPU
		{D286D68F-81E0-5546-6507-BBDA93818AE1}.Release|Any CPU.ActiveCfg = Release|Any CPU
		{D286D68F-81E0-5546-6507-BBDA93818AE1}.Release|Any CPU.Build.0 = Release|Any CPU
	EndGlobalSection
	GlobalSection(SolutionProperties) = preSolution
		HideSolutionNode = FALSE
	EndGlobalSection
	GlobalSection(ExtensibilityGlobals) = postSolution
		SolutionGuid = {53219A47-F9F0-4105-844B-EFA401AF5B12}
	EndGlobalSection
EndGlobal
